
Microsoft Visual Studio Solution File, Format Version 12.00
# Visual Studio Version 16
VisualStudioVersion = 16.0.30524.135
MinimumVisualStudioVersion = 15.0.26124.0
Project("{9A19103F-16F7-4668-BE54-9A1E7A4F7556}") = "consoleapp", "consoleapp\consoleapp.csproj", "{2C8E2B34-DF03-4CAB-82B7-786BA8B565EE}"
EndProject
Global
	GlobalSection(SolutionConfigurationPlatforms) = preSolution
		Debug|Any CPU = Debug|Any CPU
		Debug|x64 = Debug|x64
		Debug|x86 = Debug|x86
		Release|Any CPU = Release|Any CPU
		Release|x64 = Release|x64
		Release|x86 = Release|x86
	EndGlobalSection
	GlobalSection(ProjectConfigurationPlatforms) = postSolution
		{2C8E2B34-DF03-4CAB-82B7-786BA8B565EE}.Debug|Any CPU.ActiveCfg = Debug|Any CPU
		{2C8E2B34-DF03-4CAB-82B7-786BA8B565EE}.Debug|Any CPU.Build.0 = Debug|Any CPU
		{2C8E2B34-DF03-4CAB-82B7-786BA8B565EE}.Debug|x64.ActiveCfg = Debug|Any CPU
		{2C8E2B34-DF03-4CAB-82B7-786BA8B565EE}.Debug|x64.Build.0 = Debug|Any CPU
		{2C8E2B34-DF03-4CAB-82B7-786BA8B565EE}.Debug|x86.ActiveCfg = Debug|Any CPU
		{2C8E2B34-DF03-4CAB-82B7-786BA8B565EE}.Debug|x86.Build.0 = Debug|Any CPU
		{2C8E2B34-DF03-4CAB-82B7-786BA8B565EE}.Release|Any CPU.ActiveCfg = Release|Any CPU
		{2C8E2B34-DF03-4CAB-82B7-786BA8B565EE}.Release|Any CPU.Build.0 = Release|Any CPU
		{2C8E2B34-DF03-4CAB-82B7-786BA8B565EE}.Release|x64.ActiveCfg = Release|Any CPU
		{2C8E2B34-DF03-4CAB-82B7-786BA8B565EE}.Release|x64.Build.0 = Release|Any CPU
		{2C8E2B34-DF03-4CAB-82B7-786BA8B565EE}.Release|x86.ActiveCfg = Release|Any CPU
		{2C8E2B34-DF03-4CAB-82B7-786BA8B565EE}.Release|x86.Build.0 = Release|Any CPU
	EndGlobalSection
	GlobalSection(SolutionProperties) = preSolution
		HideSolutionNode = FALSE
	EndGlobalSection
	GlobalSection(ExtensibilityGlobals) = postSolution
		SolutionGuid = {721BDA49-19A8-469F-9B41-1352D1A322C5}
	EndGlobalSection
EndGlobal
